
Microsoft Visual Studio Solution File, Format Version 12.00
# Visual Studio Version 17
VisualStudioVersion = 17.11.35431.28
MinimumVisualStudioVersion = 10.0.40219.1
Project("{FAE04EC0-301F-11D3-BF4B-00C04F79EFBC}") = "test123", "test123.csproj", "{6DA72012-31E9-41D1-9ADF-CD6B92C80E04}"
EndProject
Global
	GlobalSection(SolutionConfigurationPlatforms) = preSolution
		Debug|Any CPU = Debug|Any CPU
		Release|Any CPU = Release|Any CPU
	EndGlobalSection
	GlobalSection(ProjectConfigurationPlatforms) = postSolution
		{6DA72012-31E9-41D1-9ADF-CD6B92C80E04}.Debug|Any CPU.ActiveCfg = Debug|Any CPU
		{6DA72012-31E9-41D1-9ADF-CD6B92C80E04}.Debug|Any CPU.Build.0 = Debug|Any CPU
		{6DA72012-31E9-41D1-9ADF-CD6B92C80E04}.Release|Any CPU.ActiveCfg = Release|Any CPU
		{6DA72012-31E9-41D1-9ADF-CD6B92C80E04}.Release|Any CPU.Build.0 = Release|Any CPU
	EndGlobalSection
	GlobalSection(SolutionProperties) = preSolution
		HideSolutionNode = FALSE
	EndGlobalSection
	GlobalSection(ExtensibilityGlobals) = postSolution
		SolutionGuid = {1185EF9A-37C8-4830-AEC6-79F12E8315A5}
	EndGlobalSection
EndGlobal
